{"version":4,"terraform_version":"1.8.1","serial":362,"lineage":"6bfdafd5-caaa-37c2-8014-6cf46f416a24","outputs":{},"resources":[{"mode":"data","type":"vsphere_datacenter","name":"dc","provider":"provider[\"registry.opentofu.org/hashicorp/vsphere\"]","instances":[{"schema_version":0,"attributes":{"id":"datacenter-2","name":"sel3"},"sensitive_attributes":[]}]},{"mode":"data","type":"vsphere_datastore","name":"vsphere_datastore_hdd_1","provider":"provider[\"registry.opentofu.org/hashicorp/vsphere\"]","instances":[{"schema_version":0,"attributes":{"datacenter_id":"datacenter-2","id":"datastore-58053","name":"Dts_34.124_HDD_RAID1","stats":{"capacity":"8000987201536","free":"7999080890368"}},"sensitive_attributes":[]}]},{"mode":"data","type":"vsphere_datastore","name":"vsphere_datastore_hdd_2","provider":"provider[\"registry.opentofu.org/hashicorp/vsphere\"]","instances":[{"schema_version":0,"attributes":{"datacenter_id":"datacenter-2","id":"datastore-51295","name":"Dts-34.135-HDD","stats":{"capacity":"8000987201536","free":"7439267135488"}},"sensitive_attributes":[]}]},{"mode":"data","type":"vsphere_datastore","name":"vsphere_datastore_hdd_3","provider":"provider[\"registry.opentofu.org/hashicorp/vsphere\"]","instances":[{"schema_version":0,"attributes":{"datacenter_id":"datacenter-2","id":"datastore-57006","name":"Dts_HDD_55.130","stats":{"capacity":"5988795023360","free":"5122215116800"}},"sensitive_attributes":[]}]},{"mode":"data","type":"vsphere_datastore","name":"vsphere_datastore_ssd_1","provider":"provider[\"registry.opentofu.org/hashicorp/vsphere\"]","instances":[{"schema_version":0,"attributes":{"datacenter_id":"datacenter-2","id":"datastore-58052","name":"Dts_34.124_SSD_RAID10","stats":{"capacity":"15353702776832","free":"5381385355264"}},"sensitive_attributes":[]}]},{"mode":"data","type":"vsphere_datastore","name":"vsphere_datastore_ssd_2","provider":"provider[\"registry.opentofu.org/hashicorp/vsphere\"]","instances":[{"schema_version":0,"attributes":{"datacenter_id":"datacenter-2","id":"datastore-51294","name":"Dts-34.135-ssd","stats":{"capacity":"7672959074304","free":"3487017467904"}},"sensitive_attributes":[]}]},{"mode":"data","type":"vsphere_datastore","name":"vsphere_datastore_ssd_3","provider":"provider[\"registry.opentofu.org/hashicorp/vsphere\"]","instances":[{"schema_version":0,"attributes":{"datacenter_id":"datacenter-2","id":"datastore-57007","name":"DTS_SSD_55.130_7Tb","stats":{"capacity":"7676985606144","free":"6166606249984"}},"sensitive_attributes":[]}]},{"mode":"data","type":"vsphere_network","name":"lan","provider":"provider[\"registry.opentofu.org/hashicorp/vsphere\"]","instances":[{"schema_version":0,"attributes":{"datacenter_id":"datacenter-2","distributed_virtual_switch_uuid":null,"id":"network-18","name":"VM Network","type":"Network"},"sensitive_attributes":[]}]},{"mode":"data","type":"vsphere_resource_pool","name":"pool_1","provider":"provider[\"registry.opentofu.org/hashicorp/vsphere\"]","instances":[{"schema_version":0,"attributes":{"datacenter_id":"datacenter-2","id":"resgroup-58050","name":"10.200.34.124/Resources"},"sensitive_attributes":[]}]},{"mode":"data","type":"vsphere_resource_pool","name":"pool_2","provider":"provider[\"registry.opentofu.org/hashicorp/vsphere\"]","instances":[{"schema_version":0,"attributes":{"datacenter_id":"datacenter-2","id":"resgroup-51292","name":"10.200.34.135/Resources"},"sensitive_attributes":[]}]},{"mode":"data","type":"vsphere_resource_pool","name":"pool_3","provider":"provider[\"registry.opentofu.org/hashicorp/vsphere\"]","instances":[{"schema_version":0,"attributes":{"datacenter_id":"datacenter-2","id":"resgroup-57004","name":"10.200.34.130/Resources"},"sensitive_attributes":[]}]},{"mode":"data","type":"vsphere_virtual_machine","name":"template","provider":"provider[\"registry.opentofu.org/hashicorp/vsphere\"]","instances":[{"schema_version":0,"attributes":{"alternate_guest_name":"","annotation":"","boot_delay":0,"boot_retry_delay":10000,"boot_retry_enabled":false,"change_version":"2024-07-11T08:56:43.778472Z","cpu_hot_add_enabled":false,"cpu_hot_remove_enabled":false,"cpu_limit":-1,"cpu_performance_counters_enabled":false,"cpu_reservation":0,"cpu_share_count":2000,"cpu_share_level":"normal","datacenter_id":"datacenter-2","default_ip_address":null,"disks":[{"eagerly_scrub":false,"label":"Hard disk 1","size":16,"thin_provisioned":false,"unit_number":0}],"efi_secure_boot_enabled":false,"enable_disk_uuid":false,"enable_logging":true,"ept_rvi_mode":"automatic","extra_config":{},"extra_config_reboot_required":true,"firmware":"bios","folder":null,"guest_id":"ubuntu64Guest","guest_ip_addresses":[],"hardware_version":14,"hv_mode":"hvAuto","id":"422baa9d-4a4e-410b-351b-8d5c21db01f1","ide_controller_scan_count":2,"instance_uuid":"502b9ad0-b9fb-8b67-1d7b-71579872a2ac","latency_sensitivity":"normal","memory":4096,"memory_hot_add_enabled":false,"memory_limit":-1,"memory_reservation":0,"memory_reservation_locked_to_max":false,"memory_share_count":40960,"memory_share_level":"normal","moid":"vm-74664","name":"vm-template-ubuntu-24.04-terraform","nested_hv_enabled":false,"network_interface_types":["vmxnet3"],"network_interfaces":[{"adapter_type":"vmxnet3","bandwidth_limit":-1,"bandwidth_reservation":0,"bandwidth_share_count":50,"bandwidth_share_level":"normal","mac_address":"00:50:56:ab:24:b2","network_id":"network-18","physical_function":""}],"num_cores_per_socket":1,"num_cpus":2,"replace_trigger":null,"run_tools_scripts_after_power_on":true,"run_tools_scripts_after_resume":true,"run_tools_scripts_before_guest_reboot":false,"run_tools_scripts_before_guest_shutdown":true,"run_tools_scripts_before_guest_standby":true,"sata_controller_scan_count":0,"scsi_bus_sharing":"noSharing","scsi_controller_scan_count":1,"scsi_type":"lsilogic","storage_policy_id":null,"swap_placement_policy":"inherit","sync_time_with_host":false,"sync_time_with_host_periodically":false,"tools_upgrade_policy":"manual","uuid":"422baa9d-4a4e-410b-351b-8d5c21db01f1","vapp":null,"vapp_transport":[],"vbs_enabled":false,"vvtd_enabled":false},"sensitive_attributes":[]}]},{"mode":"managed","type":"vsphere_virtual_machine","name":"host_1","provider":"provider[\"registry.opentofu.org/hashicorp/vsphere\"]","instances":[{"index_key":"ceph_1","schema_version":3,"attributes":{"alternate_guest_name":"","annotation":"","boot_delay":0,"boot_retry_delay":10000,"boot_retry_enabled":false,"cdrom":[],"change_version":"2024-08-26T20:37:48.334214Z","clone":[{"customization_spec":[],"customize":[{"dns_server_list":["192.168.44.25","192.168.55.35"],"dns_suffix_list":null,"ipv4_gateway":"192.168.55.200","ipv6_gateway":"","linux_options":[{"domain":"","host_name":"s-sel-idc-kuber-ceph-1","hw_clock_utc":true,"script_text":"","time_zone":""}],"network_interface":[{"dns_domain":"","dns_server_list":null,"ipv4_address":"192.168.55.70","ipv4_netmask":24,"ipv6_address":"","ipv6_netmask":0}],"timeout":10,"windows_options":[],"windows_sysprep_text":""}],"linked_clone":false,"ovf_network_map":null,"ovf_storage_map":null,"template_uuid":"422baa9d-4a4e-410b-351b-8d5c21db01f1","timeout":30}],"cpu_hot_add_enabled":true,"cpu_hot_remove_enabled":false,"cpu_limit":-1,"cpu_performance_counters_enabled":false,"cpu_reservation":0,"cpu_share_count":4000,"cpu_share_level":"normal","custom_attributes":null,"datacenter_id":null,"datastore_cluster_id":null,"datastore_id":"datastore-58052","default_ip_address":"192.168.55.70","disk":[{"attach":false,"controller_type":"scsi","datastore_id":"datastore-58052","device_address":"scsi:0:0","disk_mode":"persistent","disk_sharing":"sharingNone","eagerly_scrub":false,"io_limit":-1,"io_reservation":0,"io_share_count":1000,"io_share_level":"normal","keep_on_remove":false,"key":2000,"label":"disk0","path":"s-sel-idc-kuber-ceph-1/s-sel-idc-kuber-ceph-1.vmdk","size":70,"storage_policy_id":"","thin_provisioned":false,"unit_number":0,"uuid":"6000C292-241b-6b7c-4179-c3180bc8eafd","write_through":false},{"attach":false,"controller_type":"scsi","datastore_id":"datastore-58052","device_address":"scsi:0:1","disk_mode":"persistent","disk_sharing":"sharingNone","eagerly_scrub":false,"io_limit":-1,"io_reservation":0,"io_share_count":1000,"io_share_level":"normal","keep_on_remove":false,"key":2001,"label":"disk1","path":"s-sel-idc-kuber-ceph-1/s-sel-idc-kuber-ceph-1_1.vmdk","size":500,"storage_policy_id":"","thin_provisioned":true,"unit_number":1,"uuid":"6000C290-edc7-21d0-7a49-f8141a3823e2","write_through":false},{"attach":false,"controller_type":"scsi","datastore_id":"datastore-58053","device_address":"scsi:0:2","disk_mode":"persistent","disk_sharing":"sharingNone","eagerly_scrub":false,"io_limit":-1,"io_reservation":0,"io_share_count":1000,"io_share_level":"normal","keep_on_remove":false,"key":2002,"label":"disk2","path":"s-sel-idc-kuber-ceph-1/s-sel-idc-kuber-ceph-1.vmdk","size":600,"storage_policy_id":"","thin_provisioned":true,"unit_number":2,"uuid":"6000C290-6956-5366-3499-5978cde5c3a7","write_through":false}],"efi_secure_boot_enabled":false,"enable_disk_uuid":false,"enable_logging":false,"ept_rvi_mode":"automatic","extra_config":null,"extra_config_reboot_required":true,"firmware":"bios","folder":"","force_power_off":true,"guest_id":"ubuntu64Guest","guest_ip_addresses":["192.168.55.70","fe80::250:56ff:feab:806b"],"hardware_version":14,"host_system_id":"host-58051","hv_mode":"hvAuto","id":"422be797-7d1c-4066-e61a-cc48ab37be2c","ide_controller_count":2,"ignored_guest_ips":null,"imported":null,"latency_sensitivity":"normal","memory":4096,"memory_hot_add_enabled":true,"memory_limit":-1,"memory_reservation":0,"memory_reservation_locked_to_max":false,"memory_share_count":40960,"memory_share_level":"normal","migrate_wait_timeout":30,"moid":"vm-80699","name":"s-sel-idc-kuber-ceph-1","nested_hv_enabled":false,"network_interface":[{"adapter_type":"vmxnet3","bandwidth_limit":-1,"bandwidth_reservation":0,"bandwidth_share_count":50,"bandwidth_share_level":"normal","device_address":"pci:0:7","key":4000,"mac_address":"00:50:56:ab:80:6b","network_id":"network-18","ovf_mapping":"","physical_function":"","use_static_mac":false}],"num_cores_per_socket":1,"num_cpus":4,"ovf_deploy":[],"pci_device_id":null,"power_state":"on","poweron_timeout":300,"reboot_required":false,"replace_trigger":null,"resource_pool_id":"resgroup-58050","run_tools_scripts_after_power_on":true,"run_tools_scripts_after_resume":true,"run_tools_scripts_before_guest_reboot":false,"run_tools_scripts_before_guest_shutdown":true,"run_tools_scripts_before_guest_standby":true,"sata_controller_count":0,"scsi_bus_sharing":"noSharing","scsi_controller_count":1,"scsi_type":"lsilogic","shutdown_wait_timeout":3,"storage_policy_id":"","swap_placement_policy":"inherit","sync_time_with_host":false,"sync_time_with_host_periodically":false,"tags":null,"tools_upgrade_policy":"manual","uuid":"422be797-7d1c-4066-e61a-cc48ab37be2c","vapp":[],"vapp_transport":[],"vbs_enabled":false,"vmware_tools_status":"guestToolsRunning","vmx_path":"s-sel-idc-kuber-ceph-1/s-sel-idc-kuber-ceph-1.vmx","vvtd_enabled":false,"wait_for_guest_ip_timeout":0,"wait_for_guest_net_routable":true,"wait_for_guest_net_timeout":5},"sensitive_attributes":[[{"type":"get_attr","value":"clone"},{"type":"index","value":{"value":0,"type":"number"}},{"type":"get_attr","value":"customize"},{"type":"index","value":{"value":0,"type":"number"}},{"type":"get_attr","value":"windows_sysprep_text"}],[{"type":"get_attr","value":"clone"},{"type":"index","value":{"value":0,"type":"number"}},{"type":"get_attr","value":"customize"},{"type":"index","value":{"value":0,"type":"number"}},{"type":"get_attr","value":"linux_options"},{"type":"index","value":{"value":0,"type":"number"}},{"type":"get_attr","value":"script_text"}]],"private":"eyJzY2hlbWFfdmVyc2lvbiI6IjMifQ==","dependencies":["data.vsphere_datacenter.dc","data.vsphere_datastore.vsphere_datastore_hdd_1","data.vsphere_datastore.vsphere_datastore_ssd_1","data.vsphere_network.lan","data.vsphere_resource_pool.pool_1","data.vsphere_virtual_machine.template"]},{"index_key":"master_1","schema_version":3,"attributes":{"alternate_guest_name":"","annotation":"","boot_delay":0,"boot_retry_delay":10000,"boot_retry_enabled":false,"cdrom":[],"change_version":"2024-08-26T20:37:54.19187Z","clone":[{"customization_spec":[],"customize":[{"dns_server_list":["192.168.44.25","192.168.55.35"],"dns_suffix_list":null,"ipv4_gateway":"192.168.55.200","ipv6_gateway":"","linux_options":[{"domain":"","host_name":"s-sel-idc-kuber-master-1","hw_clock_utc":true,"script_text":"","time_zone":""}],"network_interface":[{"dns_domain":"","dns_server_list":null,"ipv4_address":"192.168.55.64","ipv4_netmask":24,"ipv6_address":"","ipv6_netmask":0}],"timeout":10,"windows_options":[],"windows_sysprep_text":""}],"linked_clone":false,"ovf_network_map":null,"ovf_storage_map":null,"template_uuid":"422baa9d-4a4e-410b-351b-8d5c21db01f1","timeout":30}],"cpu_hot_add_enabled":true,"cpu_hot_remove_enabled":false,"cpu_limit":-1,"cpu_performance_counters_enabled":false,"cpu_reservation":0,"cpu_share_count":4000,"cpu_share_level":"normal","custom_attributes":null,"datacenter_id":null,"datastore_cluster_id":null,"datastore_id":"datastore-58052","default_ip_address":"192.168.55.64","disk":[{"attach":false,"controller_type":"scsi","datastore_id":"datastore-58052","device_address":"scsi:0:0","disk_mode":"persistent","disk_sharing":"sharingNone","eagerly_scrub":false,"io_limit":-1,"io_reservation":0,"io_share_count":1000,"io_share_level":"normal","keep_on_remove":false,"key":2000,"label":"disk0","path":"s-sel-idc-kuber-master-1/s-sel-idc-kuber-master-1.vmdk","size":70,"storage_policy_id":"","thin_provisioned":false,"unit_number":0,"uuid":"6000C292-241b-6b7c-4179-c3180bc8eafd","write_through":false}],"efi_secure_boot_enabled":false,"enable_disk_uuid":false,"enable_logging":false,"ept_rvi_mode":"automatic","extra_config":null,"extra_config_reboot_required":true,"firmware":"bios","folder":"","force_power_off":true,"guest_id":"ubuntu64Guest","guest_ip_addresses":["192.168.55.64","fe80::250:56ff:feab:19b4"],"hardware_version":14,"host_system_id":"host-58051","hv_mode":"hvAuto","id":"422b2e21-92ad-1e4a-c0c6-6577d24d0435","ide_controller_count":2,"ignored_guest_ips":null,"imported":null,"latency_sensitivity":"normal","memory":4096,"memory_hot_add_enabled":true,"memory_limit":-1,"memory_reservation":0,"memory_reservation_locked_to_max":false,"memory_share_count":40960,"memory_share_level":"normal","migrate_wait_timeout":30,"moid":"vm-80698","name":"s-sel-idc-kuber-master-1","nested_hv_enabled":false,"network_interface":[{"adapter_type":"vmxnet3","bandwidth_limit":-1,"bandwidth_reservation":0,"bandwidth_share_count":50,"bandwidth_share_level":"normal","device_address":"pci:0:7","key":4000,"mac_address":"00:50:56:ab:19:b4","network_id":"network-18","ovf_mapping":"","physical_function":"","use_static_mac":false}],"num_cores_per_socket":1,"num_cpus":4,"ovf_deploy":[],"pci_device_id":null,"power_state":"on","poweron_timeout":300,"reboot_required":false,"replace_trigger":null,"resource_pool_id":"resgroup-58050","run_tools_scripts_after_power_on":true,"run_tools_scripts_after_resume":true,"run_tools_scripts_before_guest_reboot":false,"run_tools_scripts_before_guest_shutdown":true,"run_tools_scripts_before_guest_standby":true,"sata_controller_count":0,"scsi_bus_sharing":"noSharing","scsi_controller_count":1,"scsi_type":"lsilogic","shutdown_wait_timeout":3,"storage_policy_id":"","swap_placement_policy":"inherit","sync_time_with_host":false,"sync_time_with_host_periodically":false,"tags":null,"tools_upgrade_policy":"manual","uuid":"422b2e21-92ad-1e4a-c0c6-6577d24d0435","vapp":[],"vapp_transport":[],"vbs_enabled":false,"vmware_tools_status":"guestToolsRunning","vmx_path":"s-sel-idc-kuber-master-1/s-sel-idc-kuber-master-1.vmx","vvtd_enabled":false,"wait_for_guest_ip_timeout":0,"wait_for_guest_net_routable":true,"wait_for_guest_net_timeout":5},"sensitive_attributes":[[{"type":"get_attr","value":"clone"},{"type":"index","value":{"value":0,"type":"number"}},{"type":"get_attr","value":"customize"},{"type":"index","value":{"value":0,"type":"number"}},{"type":"get_attr","value":"windows_sysprep_text"}],[{"type":"get_attr","value":"clone"},{"type":"index","value":{"value":0,"type":"number"}},{"type":"get_attr","value":"customize"},{"type":"index","value":{"value":0,"type":"number"}},{"type":"get_attr","value":"linux_options"},{"type":"index","value":{"value":0,"type":"number"}},{"type":"get_attr","value":"script_text"}]],"private":"eyJzY2hlbWFfdmVyc2lvbiI6IjMifQ==","dependencies":["data.vsphere_datacenter.dc","data.vsphere_datastore.vsphere_datastore_hdd_1","data.vsphere_datastore.vsphere_datastore_ssd_1","data.vsphere_network.lan","data.vsphere_resource_pool.pool_1","data.vsphere_virtual_machine.template"]},{"index_key":"worker_1","schema_version":3,"attributes":{"alternate_guest_name":"","annotation":"","boot_delay":0,"boot_retry_delay":10000,"boot_retry_enabled":false,"cdrom":[],"change_version":"2024-08-26T20:38:03.155375Z","clone":[{"customization_spec":[],"customize":[{"dns_server_list":["192.168.44.25","192.168.55.35"],"dns_suffix_list":null,"ipv4_gateway":"192.168.55.200","ipv6_gateway":"","linux_options":[{"domain":"","host_name":"s-sel-idc-kuber-worker-1","hw_clock_utc":true,"script_text":"","time_zone":""}],"network_interface":[{"dns_domain":"","dns_server_list":null,"ipv4_address":"192.168.55.67","ipv4_netmask":24,"ipv6_address":"","ipv6_netmask":0}],"timeout":10,"windows_options":[],"windows_sysprep_text":""}],"linked_clone":false,"ovf_network_map":null,"ovf_storage_map":null,"template_uuid":"422baa9d-4a4e-410b-351b-8d5c21db01f1","timeout":30}],"cpu_hot_add_enabled":true,"cpu_hot_remove_enabled":false,"cpu_limit":-1,"cpu_performance_counters_enabled":false,"cpu_reservation":0,"cpu_share_count":40000,"cpu_share_level":"normal","custom_attributes":null,"datacenter_id":null,"datastore_cluster_id":null,"datastore_id":"datastore-58052","default_ip_address":"192.168.55.67","disk":[{"attach":false,"controller_type":"scsi","datastore_id":"datastore-58052","device_address":"scsi:0:0","disk_mode":"persistent","disk_sharing":"sharingNone","eagerly_scrub":false,"io_limit":-1,"io_reservation":0,"io_share_count":1000,"io_share_level":"normal","keep_on_remove":false,"key":2000,"label":"disk0","path":"s-sel-idc-kuber-worker-1/s-sel-idc-kuber-worker-1.vmdk","size":70,"storage_policy_id":"","thin_provisioned":false,"unit_number":0,"uuid":"6000C292-241b-6b7c-4179-c3180bc8eafd","write_through":false}],"efi_secure_boot_enabled":false,"enable_disk_uuid":false,"enable_logging":false,"ept_rvi_mode":"automatic","extra_config":null,"extra_config_reboot_required":true,"firmware":"bios","folder":"","force_power_off":true,"guest_id":"ubuntu64Guest","guest_ip_addresses":["192.168.55.67","fe80::250:56ff:feab:4dd6"],"hardware_version":14,"host_system_id":"host-58051","hv_mode":"hvAuto","id":"422b2042-1db3-1342-0ad7-c96dbd3ff973","ide_controller_count":2,"ignored_guest_ips":null,"imported":null,"latency_sensitivity":"normal","memory":12288,"memory_hot_add_enabled":true,"memory_limit":-1,"memory_reservation":0,"memory_reservation_locked_to_max":false,"memory_share_count":122880,"memory_share_level":"normal","migrate_wait_timeout":30,"moid":"vm-80697","name":"s-sel-idc-kuber-worker-1","nested_hv_enabled":false,"network_interface":[{"adapter_type":"vmxnet3","bandwidth_limit":-1,"bandwidth_reservation":0,"bandwidth_share_count":50,"bandwidth_share_level":"normal","device_address":"pci:0:7","key":4000,"mac_address":"00:50:56:ab:4d:d6","network_id":"network-18","ovf_mapping":"","physical_function":"","use_static_mac":false}],"num_cores_per_socket":1,"num_cpus":40,"ovf_deploy":[],"pci_device_id":null,"power_state":"on","poweron_timeout":300,"reboot_required":false,"replace_trigger":null,"resource_pool_id":"resgroup-58050","run_tools_scripts_after_power_on":true,"run_tools_scripts_after_resume":true,"run_tools_scripts_before_guest_reboot":false,"run_tools_scripts_before_guest_shutdown":true,"run_tools_scripts_before_guest_standby":true,"sata_controller_count":0,"scsi_bus_sharing":"noSharing","scsi_controller_count":1,"scsi_type":"lsilogic","shutdown_wait_timeout":3,"storage_policy_id":"","swap_placement_policy":"inherit","sync_time_with_host":false,"sync_time_with_host_periodically":false,"tags":null,"tools_upgrade_policy":"manual","uuid":"422b2042-1db3-1342-0ad7-c96dbd3ff973","vapp":[],"vapp_transport":[],"vbs_enabled":false,"vmware_tools_status":"guestToolsRunning","vmx_path":"s-sel-idc-kuber-worker-1/s-sel-idc-kuber-worker-1.vmx","vvtd_enabled":false,"wait_for_guest_ip_timeout":0,"wait_for_guest_net_routable":true,"wait_for_guest_net_timeout":5},"sensitive_attributes":[[{"type":"get_attr","value":"clone"},{"type":"index","value":{"value":0,"type":"number"}},{"type":"get_attr","value":"customize"},{"type":"index","value":{"value":0,"type":"number"}},{"type":"get_attr","value":"windows_sysprep_text"}],[{"type":"get_attr","value":"clone"},{"type":"index","value":{"value":0,"type":"number"}},{"type":"get_attr","value":"customize"},{"type":"index","value":{"value":0,"type":"number"}},{"type":"get_attr","value":"linux_options"},{"type":"index","value":{"value":0,"type":"number"}},{"type":"get_attr","value":"script_text"}]],"private":"eyJzY2hlbWFfdmVyc2lvbiI6IjMifQ==","dependencies":["data.vsphere_datacenter.dc","data.vsphere_datastore.vsphere_datastore_hdd_1","data.vsphere_datastore.vsphere_datastore_ssd_1","data.vsphere_network.lan","data.vsphere_resource_pool.pool_1","data.vsphere_virtual_machine.template"]}]},{"mode":"managed","type":"vsphere_virtual_machine","name":"host_2","provider":"provider[\"registry.opentofu.org/hashicorp/vsphere\"]","instances":[{"index_key":"ceph_2","schema_version":3,"attributes":{"alternate_guest_name":"","annotation":"","boot_delay":0,"boot_retry_delay":10000,"boot_retry_enabled":false,"cdrom":[],"change_version":"2024-08-26T20:38:14.951257Z","clone":[{"customization_spec":[],"customize":[{"dns_server_list":["192.168.44.25","192.168.55.35"],"dns_suffix_list":null,"ipv4_gateway":"192.168.55.200","ipv6_gateway":"","linux_options":[{"domain":"","host_name":"s-sel-idc-kuber-ceph-2","hw_clock_utc":true,"script_text":"","time_zone":""}],"network_interface":[{"dns_domain":"","dns_server_list":null,"ipv4_address":"192.168.55.71","ipv4_netmask":24,"ipv6_address":"","ipv6_netmask":0}],"timeout":10,"windows_options":[],"windows_sysprep_text":""}],"linked_clone":false,"ovf_network_map":null,"ovf_storage_map":null,"template_uuid":"422baa9d-4a4e-410b-351b-8d5c21db01f1","timeout":30}],"cpu_hot_add_enabled":true,"cpu_hot_remove_enabled":false,"cpu_limit":-1,"cpu_performance_counters_enabled":false,"cpu_reservation":0,"cpu_share_count":4000,"cpu_share_level":"normal","custom_attributes":null,"datacenter_id":null,"datastore_cluster_id":null,"datastore_id":"datastore-51294","default_ip_address":"192.168.55.71","disk":[{"attach":false,"controller_type":"scsi","datastore_id":"datastore-51294","device_address":"scsi:0:0","disk_mode":"persistent","disk_sharing":"sharingNone","eagerly_scrub":false,"io_limit":-1,"io_reservation":0,"io_share_count":1000,"io_share_level":"normal","keep_on_remove":false,"key":2000,"label":"disk0","path":"s-sel-idc-kuber-ceph-2/s-sel-idc-kuber-ceph-2.vmdk","size":70,"storage_policy_id":"","thin_provisioned":false,"unit_number":0,"uuid":"6000C292-241b-6b7c-4179-c3180bc8eafd","write_through":false},{"attach":false,"controller_type":"scsi","datastore_id":"datastore-51294","device_address":"scsi:0:1","disk_mode":"persistent","disk_sharing":"sharingNone","eagerly_scrub":false,"io_limit":-1,"io_reservation":0,"io_share_count":1000,"io_share_level":"normal","keep_on_remove":false,"key":2001,"label":"disk1","path":"s-sel-idc-kuber-ceph-2/s-sel-idc-kuber-ceph-2_1.vmdk","size":500,"storage_policy_id":"","thin_provisioned":true,"unit_number":1,"uuid":"6000C29d-df8b-79e6-7367-9e8736cce69d","write_through":false},{"attach":false,"controller_type":"scsi","datastore_id":"datastore-51295","device_address":"scsi:0:2","disk_mode":"persistent","disk_sharing":"sharingNone","eagerly_scrub":false,"io_limit":-1,"io_reservation":0,"io_share_count":1000,"io_share_level":"normal","keep_on_remove":false,"key":2002,"label":"disk2","path":"s-sel-idc-kuber-ceph-2/s-sel-idc-kuber-ceph-2.vmdk","size":600,"storage_policy_id":"","thin_provisioned":true,"unit_number":2,"uuid":"6000C290-5f84-c07f-aba4-fdf8bf328407","write_through":false}],"efi_secure_boot_enabled":false,"enable_disk_uuid":false,"enable_logging":false,"ept_rvi_mode":"automatic","extra_config":null,"extra_config_reboot_required":true,"firmware":"bios","folder":"","force_power_off":true,"guest_id":"ubuntu64Guest","guest_ip_addresses":["192.168.55.71","fe80::250:56ff:feab:8a26"],"hardware_version":14,"host_system_id":"host-51293","hv_mode":"hvAuto","id":"422b5ae6-2038-8f65-6482-de75dbcf6bc2","ide_controller_count":2,"ignored_guest_ips":null,"imported":null,"latency_sensitivity":"normal","memory":4096,"memory_hot_add_enabled":true,"memory_limit":-1,"memory_reservation":0,"memory_reservation_locked_to_max":false,"memory_share_count":40960,"memory_share_level":"normal","migrate_wait_timeout":30,"moid":"vm-80695","name":"s-sel-idc-kuber-ceph-2","nested_hv_enabled":false,"network_interface":[{"adapter_type":"vmxnet3","bandwidth_limit":-1,"bandwidth_reservation":0,"bandwidth_share_count":50,"bandwidth_share_level":"normal","device_address":"pci:0:7","key":4000,"mac_address":"00:50:56:ab:8a:26","network_id":"network-18","ovf_mapping":"","physical_function":"","use_static_mac":false}],"num_cores_per_socket":1,"num_cpus":4,"ovf_deploy":[],"pci_device_id":null,"power_state":"on","poweron_timeout":300,"reboot_required":false,"replace_trigger":null,"resource_pool_id":"resgroup-51292","run_tools_scripts_after_power_on":true,"run_tools_scripts_after_resume":true,"run_tools_scripts_before_guest_reboot":false,"run_tools_scripts_before_guest_shutdown":true,"run_tools_scripts_before_guest_standby":true,"sata_controller_count":0,"scsi_bus_sharing":"noSharing","scsi_controller_count":1,"scsi_type":"lsilogic","shutdown_wait_timeout":3,"storage_policy_id":"","swap_placement_policy":"inherit","sync_time_with_host":false,"sync_time_with_host_periodically":false,"tags":null,"tools_upgrade_policy":"manual","uuid":"422b5ae6-2038-8f65-6482-de75dbcf6bc2","vapp":[],"vapp_transport":[],"vbs_enabled":false,"vmware_tools_status":"guestToolsRunning","vmx_path":"s-sel-idc-kuber-ceph-2/s-sel-idc-kuber-ceph-2.vmx","vvtd_enabled":false,"wait_for_guest_ip_timeout":0,"wait_for_guest_net_routable":true,"wait_for_guest_net_timeout":5},"sensitive_attributes":[[{"type":"get_attr","value":"clone"},{"type":"index","value":{"value":0,"type":"number"}},{"type":"get_attr","value":"customize"},{"type":"index","value":{"value":0,"type":"number"}},{"type":"get_attr","value":"linux_options"},{"type":"index","value":{"value":0,"type":"number"}},{"type":"get_attr","value":"script_text"}],[{"type":"get_attr","value":"clone"},{"type":"index","value":{"value":0,"type":"number"}},{"type":"get_attr","value":"customize"},{"type":"index","value":{"value":0,"type":"number"}},{"type":"get_attr","value":"windows_sysprep_text"}]],"private":"eyJzY2hlbWFfdmVyc2lvbiI6IjMifQ==","dependencies":["data.vsphere_datacenter.dc","data.vsphere_datastore.vsphere_datastore_hdd_2","data.vsphere_datastore.vsphere_datastore_ssd_2","data.vsphere_network.lan","data.vsphere_resource_pool.pool_2","data.vsphere_virtual_machine.template"]},{"index_key":"master_2","schema_version":3,"attributes":{"alternate_guest_name":"","annotation":"","boot_delay":0,"boot_retry_delay":10000,"boot_retry_enabled":false,"cdrom":[],"change_version":"2024-08-26T20:38:14.847201Z","clone":[{"customization_spec":[],"customize":[{"dns_server_list":["192.168.44.25","192.168.55.35"],"dns_suffix_list":null,"ipv4_gateway":"192.168.55.200","ipv6_gateway":"","linux_options":[{"domain":"","host_name":"s-sel-idc-kuber-master-2","hw_clock_utc":true,"script_text":"","time_zone":""}],"network_interface":[{"dns_domain":"","dns_server_list":null,"ipv4_address":"192.168.55.65","ipv4_netmask":24,"ipv6_address":"","ipv6_netmask":0}],"timeout":10,"windows_options":[],"windows_sysprep_text":""}],"linked_clone":false,"ovf_network_map":null,"ovf_storage_map":null,"template_uuid":"422baa9d-4a4e-410b-351b-8d5c21db01f1","timeout":30}],"cpu_hot_add_enabled":true,"cpu_hot_remove_enabled":false,"cpu_limit":-1,"cpu_performance_counters_enabled":false,"cpu_reservation":0,"cpu_share_count":4000,"cpu_share_level":"normal","custom_attributes":null,"datacenter_id":null,"datastore_cluster_id":null,"datastore_id":"datastore-51294","default_ip_address":"192.168.55.65","disk":[{"attach":false,"controller_type":"scsi","datastore_id":"datastore-51294","device_address":"scsi:0:0","disk_mode":"persistent","disk_sharing":"sharingNone","eagerly_scrub":false,"io_limit":-1,"io_reservation":0,"io_share_count":1000,"io_share_level":"normal","keep_on_remove":false,"key":2000,"label":"disk0","path":"s-sel-idc-kuber-master-2/s-sel-idc-kuber-master-2.vmdk","size":70,"storage_policy_id":"","thin_provisioned":false,"unit_number":0,"uuid":"6000C292-241b-6b7c-4179-c3180bc8eafd","write_through":false}],"efi_secure_boot_enabled":false,"enable_disk_uuid":false,"enable_logging":false,"ept_rvi_mode":"automatic","extra_config":null,"extra_config_reboot_required":true,"firmware":"bios","folder":"","force_power_off":true,"guest_id":"ubuntu64Guest","guest_ip_addresses":["192.168.55.65","fe80::250:56ff:feab:9f26"],"hardware_version":14,"host_system_id":"host-51293","hv_mode":"hvAuto","id":"422b852c-2690-93a7-98a0-a93f6c9043b0","ide_controller_count":2,"ignored_guest_ips":null,"imported":null,"latency_sensitivity":"normal","memory":4096,"memory_hot_add_enabled":true,"memory_limit":-1,"memory_reservation":0,"memory_reservation_locked_to_max":false,"memory_share_count":40960,"memory_share_level":"normal","migrate_wait_timeout":30,"moid":"vm-80693","name":"s-sel-idc-kuber-master-2","nested_hv_enabled":false,"network_interface":[{"adapter_type":"vmxnet3","bandwidth_limit":-1,"bandwidth_reservation":0,"bandwidth_share_count":50,"bandwidth_share_level":"normal","device_address":"pci:0:7","key":4000,"mac_address":"00:50:56:ab:9f:26","network_id":"network-18","ovf_mapping":"","physical_function":"","use_static_mac":false}],"num_cores_per_socket":1,"num_cpus":4,"ovf_deploy":[],"pci_device_id":null,"power_state":"on","poweron_timeout":300,"reboot_required":false,"replace_trigger":null,"resource_pool_id":"resgroup-51292","run_tools_scripts_after_power_on":true,"run_tools_scripts_after_resume":true,"run_tools_scripts_before_guest_reboot":false,"run_tools_scripts_before_guest_shutdown":true,"run_tools_scripts_before_guest_standby":true,"sata_controller_count":0,"scsi_bus_sharing":"noSharing","scsi_controller_count":1,"scsi_type":"lsilogic","shutdown_wait_timeout":3,"storage_policy_id":"","swap_placement_policy":"inherit","sync_time_with_host":false,"sync_time_with_host_periodically":false,"tags":null,"tools_upgrade_policy":"manual","uuid":"422b852c-2690-93a7-98a0-a93f6c9043b0","vapp":[],"vapp_transport":[],"vbs_enabled":false,"vmware_tools_status":"guestToolsRunning","vmx_path":"s-sel-idc-kuber-master-2/s-sel-idc-kuber-master-2.vmx","vvtd_enabled":false,"wait_for_guest_ip_timeout":0,"wait_for_guest_net_routable":true,"wait_for_guest_net_timeout":5},"sensitive_attributes":[[{"type":"get_attr","value":"clone"},{"type":"index","value":{"value":0,"type":"number"}},{"type":"get_attr","value":"customize"},{"type":"index","value":{"value":0,"type":"number"}},{"type":"get_attr","value":"linux_options"},{"type":"index","value":{"value":0,"type":"number"}},{"type":"get_attr","value":"script_text"}],[{"type":"get_attr","value":"clone"},{"type":"index","value":{"value":0,"type":"number"}},{"type":"get_attr","value":"customize"},{"type":"index","value":{"value":0,"type":"number"}},{"type":"get_attr","value":"windows_sysprep_text"}]],"private":"eyJzY2hlbWFfdmVyc2lvbiI6IjMifQ==","dependencies":["data.vsphere_datacenter.dc","data.vsphere_datastore.vsphere_datastore_hdd_2","data.vsphere_datastore.vsphere_datastore_ssd_2","data.vsphere_network.lan","data.vsphere_resource_pool.pool_2","data.vsphere_virtual_machine.template"]},{"index_key":"worker_2","schema_version":3,"attributes":{"alternate_guest_name":"","annotation":"","boot_delay":0,"boot_retry_delay":10000,"boot_retry_enabled":false,"cdrom":[],"change_version":"2024-08-26T20:38:15.973366Z","clone":[{"customization_spec":[],"customize":[{"dns_server_list":["192.168.44.25","192.168.55.35"],"dns_suffix_list":null,"ipv4_gateway":"192.168.55.200","ipv6_gateway":"","linux_options":[{"domain":"","host_name":"s-sel-idc-kuber-worker-2","hw_clock_utc":true,"script_text":"","time_zone":""}],"network_interface":[{"dns_domain":"","dns_server_list":null,"ipv4_address":"192.168.55.68","ipv4_netmask":24,"ipv6_address":"","ipv6_netmask":0}],"timeout":10,"windows_options":[],"windows_sysprep_text":""}],"linked_clone":false,"ovf_network_map":null,"ovf_storage_map":null,"template_uuid":"422baa9d-4a4e-410b-351b-8d5c21db01f1","timeout":30}],"cpu_hot_add_enabled":true,"cpu_hot_remove_enabled":false,"cpu_limit":-1,"cpu_performance_counters_enabled":false,"cpu_reservation":0,"cpu_share_count":40000,"cpu_share_level":"normal","custom_attributes":null,"datacenter_id":null,"datastore_cluster_id":null,"datastore_id":"datastore-51294","default_ip_address":"192.168.55.68","disk":[{"attach":false,"controller_type":"scsi","datastore_id":"datastore-51294","device_address":"scsi:0:0","disk_mode":"persistent","disk_sharing":"sharingNone","eagerly_scrub":false,"io_limit":-1,"io_reservation":0,"io_share_count":1000,"io_share_level":"normal","keep_on_remove":false,"key":2000,"label":"disk0","path":"s-sel-idc-kuber-worker-2/s-sel-idc-kuber-worker-2.vmdk","size":70,"storage_policy_id":"","thin_provisioned":false,"unit_number":0,"uuid":"6000C292-241b-6b7c-4179-c3180bc8eafd","write_through":false}],"efi_secure_boot_enabled":false,"enable_disk_uuid":false,"enable_logging":false,"ept_rvi_mode":"automatic","extra_config":null,"extra_config_reboot_required":true,"firmware":"bios","folder":"","force_power_off":true,"guest_id":"ubuntu64Guest","guest_ip_addresses":["192.168.55.68","fe80::250:56ff:feab:f362"],"hardware_version":14,"host_system_id":"host-51293","hv_mode":"hvAuto","id":"422b69d3-4836-8a04-bbec-c47bf1a464f8","ide_controller_count":2,"ignored_guest_ips":null,"imported":null,"latency_sensitivity":"normal","memory":12288,"memory_hot_add_enabled":true,"memory_limit":-1,"memory_reservation":0,"memory_reservation_locked_to_max":false,"memory_share_count":122880,"memory_share_level":"normal","migrate_wait_timeout":30,"moid":"vm-80694","name":"s-sel-idc-kuber-worker-2","nested_hv_enabled":false,"network_interface":[{"adapter_type":"vmxnet3","bandwidth_limit":-1,"bandwidth_reservation":0,"bandwidth_share_count":50,"bandwidth_share_level":"normal","device_address":"pci:0:7","key":4000,"mac_address":"00:50:56:ab:f3:62","network_id":"network-18","ovf_mapping":"","physical_function":"","use_static_mac":false}],"num_cores_per_socket":1,"num_cpus":40,"ovf_deploy":[],"pci_device_id":null,"power_state":"on","poweron_timeout":300,"reboot_required":false,"replace_trigger":null,"resource_pool_id":"resgroup-51292","run_tools_scripts_after_power_on":true,"run_tools_scripts_after_resume":true,"run_tools_scripts_before_guest_reboot":false,"run_tools_scripts_before_guest_shutdown":true,"run_tools_scripts_before_guest_standby":true,"sata_controller_count":0,"scsi_bus_sharing":"noSharing","scsi_controller_count":1,"scsi_type":"lsilogic","shutdown_wait_timeout":3,"storage_policy_id":"","swap_placement_policy":"inherit","sync_time_with_host":false,"sync_time_with_host_periodically":false,"tags":null,"tools_upgrade_policy":"manual","uuid":"422b69d3-4836-8a04-bbec-c47bf1a464f8","vapp":[],"vapp_transport":[],"vbs_enabled":false,"vmware_tools_status":"guestToolsRunning","vmx_path":"s-sel-idc-kuber-worker-2/s-sel-idc-kuber-worker-2.vmx","vvtd_enabled":false,"wait_for_guest_ip_timeout":0,"wait_for_guest_net_routable":true,"wait_for_guest_net_timeout":5},"sensitive_attributes":[[{"type":"get_attr","value":"clone"},{"type":"index","value":{"value":0,"type":"number"}},{"type":"get_attr","value":"customize"},{"type":"index","value":{"value":0,"type":"number"}},{"type":"get_attr","value":"linux_options"},{"type":"index","value":{"value":0,"type":"number"}},{"type":"get_attr","value":"script_text"}],[{"type":"get_attr","value":"clone"},{"type":"index","value":{"value":0,"type":"number"}},{"type":"get_attr","value":"customize"},{"type":"index","value":{"value":0,"type":"number"}},{"type":"get_attr","value":"windows_sysprep_text"}]],"private":"eyJzY2hlbWFfdmVyc2lvbiI6IjMifQ==","dependencies":["data.vsphere_datacenter.dc","data.vsphere_datastore.vsphere_datastore_hdd_2","data.vsphere_datastore.vsphere_datastore_ssd_2","data.vsphere_network.lan","data.vsphere_resource_pool.pool_2","data.vsphere_virtual_machine.template"]}]},{"mode":"managed","type":"vsphere_virtual_machine","name":"host_3","provider":"provider[\"registry.opentofu.org/hashicorp/vsphere\"]","instances":[{"index_key":"ceph_3","schema_version":3,"attributes":{"alternate_guest_name":"","annotation":"","boot_delay":0,"boot_retry_delay":10000,"boot_retry_enabled":false,"cdrom":[],"change_version":"2024-08-26T20:36:14.91278Z","clone":[{"customization_spec":[],"customize":[{"dns_server_list":["192.168.44.25","192.168.55.35"],"dns_suffix_list":null,"ipv4_gateway":"192.168.55.200","ipv6_gateway":"","linux_options":[{"domain":"","host_name":"s-sel-idc-kuber-ceph-3","hw_clock_utc":true,"script_text":"","time_zone":""}],"network_interface":[{"dns_domain":"","dns_server_list":null,"ipv4_address":"192.168.55.72","ipv4_netmask":24,"ipv6_address":"","ipv6_netmask":0}],"timeout":10,"windows_options":[],"windows_sysprep_text":""}],"linked_clone":false,"ovf_network_map":null,"ovf_storage_map":null,"template_uuid":"422baa9d-4a4e-410b-351b-8d5c21db01f1","timeout":30}],"cpu_hot_add_enabled":true,"cpu_hot_remove_enabled":false,"cpu_limit":-1,"cpu_performance_counters_enabled":false,"cpu_reservation":0,"cpu_share_count":4000,"cpu_share_level":"normal","custom_attributes":null,"datacenter_id":null,"datastore_cluster_id":null,"datastore_id":"datastore-57007","default_ip_address":"192.168.55.72","disk":[{"attach":false,"controller_type":"scsi","datastore_id":"datastore-57007","device_address":"scsi:0:0","disk_mode":"persistent","disk_sharing":"sharingNone","eagerly_scrub":false,"io_limit":-1,"io_reservation":0,"io_share_count":1000,"io_share_level":"normal","keep_on_remove":false,"key":2000,"label":"disk0","path":"s-sel-idc-kuber-ceph-3/s-sel-idc-kuber-ceph-3.vmdk","size":70,"storage_policy_id":"","thin_provisioned":false,"unit_number":0,"uuid":"6000C29a-ec83-23b1-5e5f-5af40fab50bc","write_through":false},{"attach":false,"controller_type":"scsi","datastore_id":"datastore-57007","device_address":"scsi:0:1","disk_mode":"persistent","disk_sharing":"sharingNone","eagerly_scrub":false,"io_limit":-1,"io_reservation":0,"io_share_count":1000,"io_share_level":"normal","keep_on_remove":false,"key":2001,"label":"disk1","path":"s-sel-idc-kuber-ceph-3/s-sel-idc-kuber-ceph-3_1.vmdk","size":500,"storage_policy_id":"","thin_provisioned":true,"unit_number":1,"uuid":"6000C299-c67f-e876-fcec-b199f3a60dde","write_through":false},{"attach":false,"controller_type":"scsi","datastore_id":"datastore-57006","device_address":"scsi:0:2","disk_mode":"persistent","disk_sharing":"sharingNone","eagerly_scrub":false,"io_limit":-1,"io_reservation":0,"io_share_count":1000,"io_share_level":"normal","keep_on_remove":false,"key":2002,"label":"disk2","path":"s-sel-idc-kuber-ceph-3/s-sel-idc-kuber-ceph-3.vmdk","size":600,"storage_policy_id":"","thin_provisioned":true,"unit_number":2,"uuid":"6000C290-803d-deab-4ad4-3665efc08745","write_through":false}],"efi_secure_boot_enabled":false,"enable_disk_uuid":false,"enable_logging":false,"ept_rvi_mode":"automatic","extra_config":null,"extra_config_reboot_required":true,"firmware":"bios","folder":"","force_power_off":true,"guest_id":"ubuntu64Guest","guest_ip_addresses":["192.168.55.72","fe80::250:56ff:feab:fd09"],"hardware_version":14,"host_system_id":"host-57005","hv_mode":"hvAuto","id":"422b55a7-16f6-8f70-965e-93e1f7efb780","ide_controller_count":2,"ignored_guest_ips":null,"imported":null,"latency_sensitivity":"normal","memory":4096,"memory_hot_add_enabled":true,"memory_limit":-1,"memory_reservation":0,"memory_reservation_locked_to_max":false,"memory_share_count":40960,"memory_share_level":"normal","migrate_wait_timeout":30,"moid":"vm-80700","name":"s-sel-idc-kuber-ceph-3","nested_hv_enabled":false,"network_interface":[{"adapter_type":"vmxnet3","bandwidth_limit":-1,"bandwidth_reservation":0,"bandwidth_share_count":50,"bandwidth_share_level":"normal","device_address":"pci:0:7","key":4000,"mac_address":"00:50:56:ab:fd:09","network_id":"network-18","ovf_mapping":"","physical_function":"","use_static_mac":false}],"num_cores_per_socket":1,"num_cpus":4,"ovf_deploy":[],"pci_device_id":null,"power_state":"on","poweron_timeout":300,"reboot_required":false,"replace_trigger":null,"resource_pool_id":"resgroup-57004","run_tools_scripts_after_power_on":true,"run_tools_scripts_after_resume":true,"run_tools_scripts_before_guest_reboot":false,"run_tools_scripts_before_guest_shutdown":true,"run_tools_scripts_before_guest_standby":true,"sata_controller_count":0,"scsi_bus_sharing":"noSharing","scsi_controller_count":1,"scsi_type":"lsilogic","shutdown_wait_timeout":3,"storage_policy_id":"","swap_placement_policy":"inherit","sync_time_with_host":false,"sync_time_with_host_periodically":false,"tags":null,"tools_upgrade_policy":"manual","uuid":"422b55a7-16f6-8f70-965e-93e1f7efb780","vapp":[],"vapp_transport":[],"vbs_enabled":false,"vmware_tools_status":"guestToolsRunning","vmx_path":"s-sel-idc-kuber-ceph-3/s-sel-idc-kuber-ceph-3.vmx","vvtd_enabled":false,"wait_for_guest_ip_timeout":0,"wait_for_guest_net_routable":true,"wait_for_guest_net_timeout":5},"sensitive_attributes":[[{"type":"get_attr","value":"clone"},{"type":"index","value":{"value":0,"type":"number"}},{"type":"get_attr","value":"customize"},{"type":"index","value":{"value":0,"type":"number"}},{"type":"get_attr","value":"linux_options"},{"type":"index","value":{"value":0,"type":"number"}},{"type":"get_attr","value":"script_text"}],[{"type":"get_attr","value":"clone"},{"type":"index","value":{"value":0,"type":"number"}},{"type":"get_attr","value":"customize"},{"type":"index","value":{"value":0,"type":"number"}},{"type":"get_attr","value":"windows_sysprep_text"}]],"private":"eyJzY2hlbWFfdmVyc2lvbiI6IjMifQ==","dependencies":["data.vsphere_datacenter.dc","data.vsphere_datastore.vsphere_datastore_hdd_3","data.vsphere_datastore.vsphere_datastore_ssd_3","data.vsphere_network.lan","data.vsphere_resource_pool.pool_3","data.vsphere_virtual_machine.template"]},{"index_key":"master_3","schema_version":3,"attributes":{"alternate_guest_name":"","annotation":"","boot_delay":0,"boot_retry_delay":10000,"boot_retry_enabled":false,"cdrom":[],"change_version":"2024-08-26T20:36:01.090829Z","clone":[{"customization_spec":[],"customize":[{"dns_server_list":["192.168.44.25","192.168.55.35"],"dns_suffix_list":null,"ipv4_gateway":"192.168.55.200","ipv6_gateway":"","linux_options":[{"domain":"","host_name":"s-sel-idc-kuber-master-3","hw_clock_utc":true,"script_text":"","time_zone":""}],"network_interface":[{"dns_domain":"","dns_server_list":null,"ipv4_address":"192.168.55.66","ipv4_netmask":24,"ipv6_address":"","ipv6_netmask":0}],"timeout":10,"windows_options":[],"windows_sysprep_text":""}],"linked_clone":false,"ovf_network_map":null,"ovf_storage_map":null,"template_uuid":"422baa9d-4a4e-410b-351b-8d5c21db01f1","timeout":30}],"cpu_hot_add_enabled":true,"cpu_hot_remove_enabled":false,"cpu_limit":-1,"cpu_performance_counters_enabled":false,"cpu_reservation":0,"cpu_share_count":4000,"cpu_share_level":"normal","custom_attributes":null,"datacenter_id":null,"datastore_cluster_id":null,"datastore_id":"datastore-57007","default_ip_address":"192.168.55.66","disk":[{"attach":false,"controller_type":"scsi","datastore_id":"datastore-57007","device_address":"scsi:0:0","disk_mode":"persistent","disk_sharing":"sharingNone","eagerly_scrub":false,"io_limit":-1,"io_reservation":0,"io_share_count":1000,"io_share_level":"normal","keep_on_remove":false,"key":2000,"label":"disk0","path":"s-sel-idc-kuber-master-3/s-sel-idc-kuber-master-3.vmdk","size":70,"storage_policy_id":"","thin_provisioned":false,"unit_number":0,"uuid":"6000C29e-caae-29d3-3174-c52f1e965b70","write_through":false}],"efi_secure_boot_enabled":false,"enable_disk_uuid":false,"enable_logging":false,"ept_rvi_mode":"automatic","extra_config":null,"extra_config_reboot_required":true,"firmware":"bios","folder":"","force_power_off":true,"guest_id":"ubuntu64Guest","guest_ip_addresses":["192.168.55.66","fe80::250:56ff:feab:6912"],"hardware_version":14,"host_system_id":"host-57005","hv_mode":"hvAuto","id":"422b6aeb-f049-da63-2027-daedf560bb49","ide_controller_count":2,"ignored_guest_ips":null,"imported":null,"latency_sensitivity":"normal","memory":4096,"memory_hot_add_enabled":true,"memory_limit":-1,"memory_reservation":0,"memory_reservation_locked_to_max":false,"memory_share_count":40960,"memory_share_level":"normal","migrate_wait_timeout":30,"moid":"vm-80696","name":"s-sel-idc-kuber-master-3","nested_hv_enabled":false,"network_interface":[{"adapter_type":"vmxnet3","bandwidth_limit":-1,"bandwidth_reservation":0,"bandwidth_share_count":50,"bandwidth_share_level":"normal","device_address":"pci:0:7","key":4000,"mac_address":"00:50:56:ab:69:12","network_id":"network-18","ovf_mapping":"","physical_function":"","use_static_mac":false}],"num_cores_per_socket":1,"num_cpus":4,"ovf_deploy":[],"pci_device_id":null,"power_state":"on","poweron_timeout":300,"reboot_required":false,"replace_trigger":null,"resource_pool_id":"resgroup-57004","run_tools_scripts_after_power_on":true,"run_tools_scripts_after_resume":true,"run_tools_scripts_before_guest_reboot":false,"run_tools_scripts_before_guest_shutdown":true,"run_tools_scripts_before_guest_standby":true,"sata_controller_count":0,"scsi_bus_sharing":"noSharing","scsi_controller_count":1,"scsi_type":"lsilogic","shutdown_wait_timeout":3,"storage_policy_id":"","swap_placement_policy":"inherit","sync_time_with_host":false,"sync_time_with_host_periodically":false,"tags":null,"tools_upgrade_policy":"manual","uuid":"422b6aeb-f049-da63-2027-daedf560bb49","vapp":[],"vapp_transport":[],"vbs_enabled":false,"vmware_tools_status":"guestToolsRunning","vmx_path":"s-sel-idc-kuber-master-3/s-sel-idc-kuber-master-3.vmx","vvtd_enabled":false,"wait_for_guest_ip_timeout":0,"wait_for_guest_net_routable":true,"wait_for_guest_net_timeout":5},"sensitive_attributes":[[{"type":"get_attr","value":"clone"},{"type":"index","value":{"value":0,"type":"number"}},{"type":"get_attr","value":"customize"},{"type":"index","value":{"value":0,"type":"number"}},{"type":"get_attr","value":"windows_sysprep_text"}],[{"type":"get_attr","value":"clone"},{"type":"index","value":{"value":0,"type":"number"}},{"type":"get_attr","value":"customize"},{"type":"index","value":{"value":0,"type":"number"}},{"type":"get_attr","value":"linux_options"},{"type":"index","value":{"value":0,"type":"number"}},{"type":"get_attr","value":"script_text"}]],"private":"eyJzY2hlbWFfdmVyc2lvbiI6IjMifQ==","dependencies":["data.vsphere_datacenter.dc","data.vsphere_datastore.vsphere_datastore_hdd_3","data.vsphere_datastore.vsphere_datastore_ssd_3","data.vsphere_network.lan","data.vsphere_resource_pool.pool_3","data.vsphere_virtual_machine.template"]},{"index_key":"worker_3","schema_version":3,"attributes":{"alternate_guest_name":"","annotation":"","boot_delay":0,"boot_retry_delay":10000,"boot_retry_enabled":false,"cdrom":[],"change_version":"2024-08-26T20:35:55.92071Z","clone":[{"customization_spec":[],"customize":[{"dns_server_list":["192.168.44.25","192.168.55.35"],"dns_suffix_list":null,"ipv4_gateway":"192.168.55.200","ipv6_gateway":"","linux_options":[{"domain":"","host_name":"s-sel-idc-kuber-worker-3","hw_clock_utc":true,"script_text":"","time_zone":""}],"network_interface":[{"dns_domain":"","dns_server_list":null,"ipv4_address":"192.168.55.69","ipv4_netmask":24,"ipv6_address":"","ipv6_netmask":0}],"timeout":10,"windows_options":[],"windows_sysprep_text":""}],"linked_clone":false,"ovf_network_map":null,"ovf_storage_map":null,"template_uuid":"422baa9d-4a4e-410b-351b-8d5c21db01f1","timeout":30}],"cpu_hot_add_enabled":true,"cpu_hot_remove_enabled":false,"cpu_limit":-1,"cpu_performance_counters_enabled":false,"cpu_reservation":0,"cpu_share_count":40000,"cpu_share_level":"normal","custom_attributes":null,"datacenter_id":null,"datastore_cluster_id":null,"datastore_id":"datastore-57007","default_ip_address":"192.168.55.69","disk":[{"attach":false,"controller_type":"scsi","datastore_id":"datastore-57007","device_address":"scsi:0:0","disk_mode":"persistent","disk_sharing":"sharingNone","eagerly_scrub":false,"io_limit":-1,"io_reservation":0,"io_share_count":1000,"io_share_level":"normal","keep_on_remove":false,"key":2000,"label":"disk0","path":"s-sel-idc-kuber-worker-3/s-sel-idc-kuber-worker-3.vmdk","size":70,"storage_policy_id":"","thin_provisioned":false,"unit_number":0,"uuid":"6000C294-f1bb-34b0-b138-0680d96c0813","write_through":false}],"efi_secure_boot_enabled":false,"enable_disk_uuid":false,"enable_logging":false,"ept_rvi_mode":"automatic","extra_config":null,"extra_config_reboot_required":true,"firmware":"bios","folder":"","force_power_off":true,"guest_id":"ubuntu64Guest","guest_ip_addresses":["192.168.55.69","fe80::250:56ff:feab:165e"],"hardware_version":14,"host_system_id":"host-57005","hv_mode":"hvAuto","id":"422bfd1c-2de5-ae75-cfe0-313a2b2303ea","ide_controller_count":2,"ignored_guest_ips":null,"imported":null,"latency_sensitivity":"normal","memory":12288,"memory_hot_add_enabled":true,"memory_limit":-1,"memory_reservation":0,"memory_reservation_locked_to_max":false,"memory_share_count":122880,"memory_share_level":"normal","migrate_wait_timeout":30,"moid":"vm-80692","name":"s-sel-idc-kuber-worker-3","nested_hv_enabled":false,"network_interface":[{"adapter_type":"vmxnet3","bandwidth_limit":-1,"bandwidth_reservation":0,"bandwidth_share_count":50,"bandwidth_share_level":"normal","device_address":"pci:0:7","key":4000,"mac_address":"00:50:56:ab:16:5e","network_id":"network-18","ovf_mapping":"","physical_function":"","use_static_mac":false}],"num_cores_per_socket":1,"num_cpus":40,"ovf_deploy":[],"pci_device_id":null,"power_state":"on","poweron_timeout":300,"reboot_required":false,"replace_trigger":null,"resource_pool_id":"resgroup-57004","run_tools_scripts_after_power_on":true,"run_tools_scripts_after_resume":true,"run_tools_scripts_before_guest_reboot":false,"run_tools_scripts_before_guest_shutdown":true,"run_tools_scripts_before_guest_standby":true,"sata_controller_count":0,"scsi_bus_sharing":"noSharing","scsi_controller_count":1,"scsi_type":"lsilogic","shutdown_wait_timeout":3,"storage_policy_id":"","swap_placement_policy":"inherit","sync_time_with_host":false,"sync_time_with_host_periodically":false,"tags":null,"tools_upgrade_policy":"manual","uuid":"422bfd1c-2de5-ae75-cfe0-313a2b2303ea","vapp":[],"vapp_transport":[],"vbs_enabled":false,"vmware_tools_status":"guestToolsRunning","vmx_path":"s-sel-idc-kuber-worker-3/s-sel-idc-kuber-worker-3.vmx","vvtd_enabled":false,"wait_for_guest_ip_timeout":0,"wait_for_guest_net_routable":true,"wait_for_guest_net_timeout":5},"sensitive_attributes":[[{"type":"get_attr","value":"clone"},{"type":"index","value":{"value":0,"type":"number"}},{"type":"get_attr","value":"customize"},{"type":"index","value":{"value":0,"type":"number"}},{"type":"get_attr","value":"linux_options"},{"type":"index","value":{"value":0,"type":"number"}},{"type":"get_attr","value":"script_text"}],[{"type":"get_attr","value":"clone"},{"type":"index","value":{"value":0,"type":"number"}},{"type":"get_attr","value":"customize"},{"type":"index","value":{"value":0,"type":"number"}},{"type":"get_attr","value":"windows_sysprep_text"}]],"private":"eyJzY2hlbWFfdmVyc2lvbiI6IjMifQ==","dependencies":["data.vsphere_datacenter.dc","data.vsphere_datastore.vsphere_datastore_hdd_3","data.vsphere_datastore.vsphere_datastore_ssd_3","data.vsphere_network.lan","data.vsphere_resource_pool.pool_3","data.vsphere_virtual_machine.template"]}]}],"check_results":null}
